<?xml version="1.0" encoding="UTF-8" standalone="yes" ?>
<CodeBlocks_project_file>
	<FileVersion major="1" minor="6" />
	<Project>
		<Option title="Senior Legacy" />
		<Option pch_mode="2" />
		<Option compiler="gcc" />
		<Build>
			<Target title="Debug">
				<Option output="bin/Debug/Senior Legacy" prefix_auto="1" extension_auto="1" />
				<Option working_dir="bin/Debug/" />
				<Option object_output="obj/Debug/" />
				<Option type="1" />
				<Option compiler="gcc" />
				<Compiler>
					<Add option="-g" />
				</Compiler>
			</Target>
			<Target title="Release">
				<Option output="bin/Release/Senior Legacy" prefix_auto="1" extension_auto="1" />
				<Option working_dir="bin/Release/" />
				<Option object_output="obj/Release/" />
				<Option type="1" />
				<Option compiler="gcc" />
				<Compiler>
					<Add option="-O2" />
				</Compiler>
				<Linker>
					<Add option="-s" />
				</Linker>
			</Target>
		</Build>
		<Compiler>
			<Add option="-Wall" />
			<Add option="-fexceptions" />
			<Add directory="include" />
		</Compiler>
		<Linker>
			<Add library="sfml-graphics" />
			<Add library="sfml-window" />
			<Add library="sfml-system" />
		</Linker>
		<Unit filename="include/Assets.h" />
		<Unit filename="include/Constants.h" />
		<Unit filename="include/Direction.h" />
		<Unit filename="include/ICollideable.h" />
		<Unit filename="include/IRenderable.h" />
		<Unit filename="include/Player.h" />
		<Unit filename="include/SpriteInfo.h" />
		<Unit filename="include/SpriteObject.h" />
		<Unit filename="include/World.h" />
		<Unit filename="include/WorldObject.h" />
		<Unit filename="main.cpp" />
		<Unit filename="src/Assets.cpp" />
		<Unit filename="src/Player.cpp" />
		<Unit filename="src/SpriteObject.cpp" />
		<Unit filename="src/World.cpp" />
		<Unit filename="src/WorldObject.cpp" />
		<Extensions>
			<code_completion />
			<debugger />
		</Extensions>
	</Project>
</CodeBlocks_project_file>
